{
  "name": "react-rest-fetch",
  "lockfileVersion": 3,
  "requires": true,
  "packages": {
    "": {
      "dependencies": {
        "@tanstack/react-query-devtools": "^5.81.2"
      }
    },
    "node_modules/@tanstack/query-core": {
      "version": "5.81.2",
      "resolved": "https://registry.npmjs.org/@tanstack/query-core/-/query-core-5.81.2.tgz",
      "integrity": "sha512-QLYkPdrudoMATDFa3MiLEwRhNnAlzHWDf0LKaXUqJd0/+QxN8uTPi7bahRlxoAyH0UbLMBdeDbYzWALj7THOtw==",
      "peer": true,
      "funding": {
        "type": "github",
        "url": "https://github.com/sponsors/tannerlinsley"
      }
    },
    "node_modules/@tanstack/query-devtools": {
      "version": "5.81.2",
      "resolved": "https://registry.npmjs.org/@tanstack/query-devtools/-/query-devtools-5.81.2.tgz",
      "integrity": "sha512-jCeJcDCwKfoyyBXjXe9+Lo8aTkavygHHsUHAlxQKKaDeyT0qyQNLKl7+UyqYH2dDF6UN/14873IPBHchcsU+Zg==",
      "funding": {
        "type": "github",
        "url": "https://github.com/sponsors/tannerlinsley"
      }
    },
    "node_modules/@tanstack/react-query": {
      "version": "5.81.2",
      "resolved": "https://registry.npmjs.org/@tanstack/react-query/-/react-query-5.81.2.tgz",
      "integrity": "sha512-pe8kFlTrL2zFLlcAj2kZk9UaYYHDk9/1hg9EBaoO3cxDhOZf1FRGJeziSXKrVZyxIfs7b3aoOj/bw7Lie0mDUg==",
      "peer": true,
      "dependencies": {
        "@tanstack/query-core": "5.81.2"
      },
      "funding": {
        "type": "github",
        "url": "https://github.com/sponsors/tannerlinsley"
      },
      "peerDependencies": {
        "react": "^18 || ^19"
      }
    },
    "node_modules/@tanstack/react-query-devtools": {
      "version": "5.81.2",
      "resolved": "https://registry.npmjs.org/@tanstack/react-query-devtools/-/react-query-devtools-5.81.2.tgz",
      "integrity": "sha512-TX0OQ4cbgX6z2uN8c9x0QUNbyePGyUGdcgrGnV6TYEJc7KPT8PqeASuzoA5NGw1CiMGvyFAkIGA2KipvhM9d1g==",
      "dependencies": {
        "@tanstack/query-devtools": "5.81.2"
      },
      "funding": {
        "type": "github",
        "url": "https://github.com/sponsors/tannerlinsley"
      },
      "peerDependencies": {
        "@tanstack/react-query": "^5.81.2",
        "react": "^18 || ^19"
      }
    },
    "node_modules/react": {
      "version": "19.1.0",
      "resolved": "https://registry.npmjs.org/react/-/react-19.1.0.tgz",
      "integrity": "sha512-FS+XFBNvn3GTAWq26joslQgWNoFu08F4kl0J4CgdNKADkdSGXQyTCnKteIAJy96Br6YbpEU1LSzV5dYtjMkMDg==",
      "peer": true,
      "engines": {
        "node": ">=0.10.0"
      }
    }
  }
}
